PODS:
  - HTTPStatusCodes (3.1.1)
  - Presentr (1.1.1)

DEPENDENCIES:
  - HTTPStatusCodes (~> 3.1.1)
  - Presentr

SPEC CHECKSUMS:
  HTTPStatusCodes: a9a24d028b1efc6585561df7eb4d334adf133273
  Presentr: 389acebf4361e0913d942232d70211e279e38645

PODFILE CHECKSUM: 62b1f6b94ef8affa75a99de0f3fee1d060de2073

COCOAPODS: 1.2.1
